{
  "nodes": {
    "nixpkgs": {
      "locked": {
        "lastModified": 1666447894,
        "narHash": "sha256-i9WHX4w/et4qPMzEXd9POmnO0/bthjr7R4cblKNHGms=",
        "owner": "NixOS",
        "repo": "nixpkgs",
        "rev": "95aeaf83c247b8f5aa561684317ecd860476fcd6",
        "type": "github"
      },
      "original": {
        "id": "nixpkgs",
        "type": "indirect"
      }
    },
    "root": {
      "inputs": {
        "nixpkgs": "nixpkgs"
      }
    }
  },
  "root": "root",
  "version": 7
}
